Microsoft Visual Studio Solution File, Format Version 12.00
# Visual Studio Version 17
VisualStudioVersion = 17.5.2.0
MinimumVisualStudioVersion = 10.0.40219.1
Project("{FAE04EC0-301F-11D3-BF4B-00C04F79EFBC}") = "NutriScan.Api", "NutriScan.Api\NutriScan.Api.csproj", "{33F5F9A1-23F7-A5F8-C330-9BF9214E9A6B}"
EndProject
Global
	GlobalSection(SolutionConfigurationPlatforms) = preSolution
		Debug|Any CPU = Debug|Any CPU
		Release|Any CPU = Release|Any CPU
	EndGlobalSection
	GlobalSection(ProjectConfigurationPlatforms) = postSolution
		{33F5F9A1-23F7-A5F8-C330-9BF9214E9A6B}.Debug|Any CPU.ActiveCfg = Debug|Any CPU
		{33F5F9A1-23F7-A5F8-C330-9BF9214E9A6B}.Debug|Any CPU.Build.0 = Debug|Any CPU
		{33F5F9A1-23F7-A5F8-C330-9BF9214E9A6B}.Release|Any CPU.ActiveCfg = Release|Any CPU
		{33F5F9A1-23F7-A5F8-C330-9BF9214E9A6B}.Release|Any CPU.Build.0 = Release|Any CPU
	EndGlobalSection
	GlobalSection(SolutionProperties) = preSolution
		HideSolutionNode = FALSE
	EndGlobalSection
	GlobalSection(ExtensibilityGlobals) = postSolution
		SolutionGuid = {B40B0D42-D5A1-47AF-AD9E-CF265880047C}
	EndGlobalSection
EndGlobal
